// !$*UTF8*$!
{
	archiveVersion = 1;
	classes = {
	};
	objectVersion = 56;
	objects = {

/* Begin PBXBuildFile section */
		FDC281062B8AC06B004B40B2 /* ClickjackingImageClassifier 2.mlmodel in Sources */ = {isa = PBXBuildFile; fileRef = FDC281052B8AC06B004B40B2 /* ClickjackingImageClassifier 2.mlmodel */; };
		FDC281472B919D82004B40B2 /* ClickjackingDetection_V4.mlmodel in Sources */ = {isa = PBXBuildFile; fileRef = FDC281462B919D82004B40B2 /* ClickjackingDetection_V4.mlmodel */; };
		FDC281492B919DA1004B40B2 /* ClickjackingImageClassifier_V4.mlmodel in Sources */ = {isa = PBXBuildFile; fileRef = FDC281482B919DA0004B40B2 /* ClickjackingImageClassifier_V4.mlmodel */; };
		FDC2814B2B996EEC004B40B2 /* ClickjackingImageClassifier_V5.mlmodel in Sources */ = {isa = PBXBuildFile; fileRef = FDC2814A2B996EEC004B40B2 /* ClickjackingImageClassifier_V5.mlmodel */; };
		FDC2814F2B9982B5004B40B2 /* LoadingScreen.jpg in Resources */ = {isa = PBXBuildFile; fileRef = FDC2814E2B9982B5004B40B2 /* LoadingScreen.jpg */; };
		FDC281512B9982F1004B40B2 /* LaunchScreen.storyboard in Resources */ = {isa = PBXBuildFile; fileRef = FDC281502B9982F1004B40B2 /* LaunchScreen.storyboard */; };
		FDCE14CB2B7B0D0B00B8C9CF /* AppDelegate.swift in Sources */ = {isa = PBXBuildFile; fileRef = FDCE14CA2B7B0D0B00B8C9CF /* AppDelegate.swift */; };
		FDCE14CD2B7B0D0B00B8C9CF /* ContentView.swift in Sources */ = {isa = PBXBuildFile; fileRef = FDCE14CC2B7B0D0B00B8C9CF /* ContentView.swift */; };
		FDCE14CF2B7B0D0C00B8C9CF /* Assets.xcassets in Resources */ = {isa = PBXBuildFile; fileRef = FDCE14CE2B7B0D0C00B8C9CF /* Assets.xcassets */; };
		FDCE14D22B7B0D0C00B8C9CF /* Preview Assets.xcassets in Resources */ = {isa = PBXBuildFile; fileRef = FDCE14D12B7B0D0C00B8C9CF /* Preview Assets.xcassets */; };
		FDCE14E32B89A2D100B8C9CF /* ClickjackingDetection 2.mlmodel in Sources */ = {isa = PBXBuildFile; fileRef = FDCE14E22B89A2D100B8C9CF /* ClickjackingDetection 2.mlmodel */; };
/* End PBXBuildFile section */

/* Begin PBXFileReference section */
		FDC281052B8AC06B004B40B2 /* ClickjackingImageClassifier 2.mlmodel */ = {isa = PBXFileReference; lastKnownFileType = file.mlmodel; path = "ClickjackingImageClassifier 2.mlmodel"; sourceTree = "<group>"; };
		FDC281462B919D82004B40B2 /* ClickjackingDetection_V4.mlmodel */ = {isa = PBXFileReference; lastKnownFileType = file.mlmodel; path = ClickjackingDetection_V4.mlmodel; sourceTree = "<group>"; };
		FDC281482B919DA0004B40B2 /* ClickjackingImageClassifier_V4.mlmodel */ = {isa = PBXFileReference; lastKnownFileType = file.mlmodel; path = ClickjackingImageClassifier_V4.mlmodel; sourceTree = "<group>"; };
		FDC2814A2B996EEC004B40B2 /* ClickjackingImageClassifier_V5.mlmodel */ = {isa = PBXFileReference; lastKnownFileType = file.mlmodel; path = ClickjackingImageClassifier_V5.mlmodel; sourceTree = "<group>"; };
		FDC2814E2B9982B5004B40B2 /* LoadingScreen.jpg */ = {isa = PBXFileReference; lastKnownFileType = image.jpeg; path = LoadingScreen.jpg; sourceTree = "<group>"; };
		FDC281502B9982F1004B40B2 /* LaunchScreen.storyboard */ = {isa = PBXFileReference; fileEncoding = 4; lastKnownFileType = file.storyboard; path = LaunchScreen.storyboard; sourceTree = "<group>"; };
		FDCE14C72B7B0D0B00B8C9CF /* ARShield.app */ = {isa = PBXFileReference; explicitFileType = wrapper.application; includeInIndex = 0; path = ARShield.app; sourceTree = BUILT_PRODUCTS_DIR; };
		FDCE14CA2B7B0D0B00B8C9CF /* AppDelegate.swift */ = {isa = PBXFileReference; lastKnownFileType = sourcecode.swift; path = AppDelegate.swift; sourceTree = "<group>"; };
		FDCE14CC2B7B0D0B00B8C9CF /* ContentView.swift */ = {isa = PBXFileReference; lastKnownFileType = sourcecode.swift; path = ContentView.swift; sourceTree = "<group>"; };
		FDCE14CE2B7B0D0C00B8C9CF /* Assets.xcassets */ = {isa = PBXFileReference; lastKnownFileType = folder.assetcatalog; path = Assets.xcassets; sourceTree = "<group>"; };
		FDCE14D12B7B0D0C00B8C9CF /* Preview Assets.xcassets */ = {isa = PBXFileReference; lastKnownFileType = folder.assetcatalog; path = "Preview Assets.xcassets"; sourceTree = "<group>"; };
		FDCE14E22B89A2D100B8C9CF /* ClickjackingDetection 2.mlmodel */ = {isa = PBXFileReference; lastKnownFileType = file.mlmodel; path = "ClickjackingDetection 2.mlmodel"; sourceTree = "<group>"; };
/* End PBXFileReference section */

/* Begin PBXFrameworksBuildPhase section */
		FDCE14C42B7B0D0B00B8C9CF /* Frameworks */ = {
			isa = PBXFrameworksBuildPhase;
			buildActionMask = 2147483647;
			files = (
			);
			runOnlyForDeploymentPostprocessing = 0;
		};
/* End PBXFrameworksBuildPhase section */

/* Begin PBXGroup section */
		FDCE14BE2B7B0D0B00B8C9CF = {
			isa = PBXGroup;
			children = (
				FDCE14C92B7B0D0B00B8C9CF /* ARShield */,
				FDCE14C82B7B0D0B00B8C9CF /* Products */,
			);
			sourceTree = "<group>";
		};
		FDCE14C82B7B0D0B00B8C9CF /* Products */ = {
			isa = PBXGroup;
			children = (
				FDCE14C72B7B0D0B00B8C9CF /* ARShield.app */,
			);
			name = Products;
			sourceTree = "<group>";
		};
		FDCE14C92B7B0D0B00B8C9CF /* ARShield */ = {
			isa = PBXGroup;
			children = (
				FDC2814E2B9982B5004B40B2 /* LoadingScreen.jpg */,
				FDC281462B919D82004B40B2 /* ClickjackingDetection_V4.mlmodel */,
				FDCE14E22B89A2D100B8C9CF /* ClickjackingDetection 2.mlmodel */,
				FDC281482B919DA0004B40B2 /* ClickjackingImageClassifier_V4.mlmodel */,
				FDC281052B8AC06B004B40B2 /* ClickjackingImageClassifier 2.mlmodel */,
				FDC2814A2B996EEC004B40B2 /* ClickjackingImageClassifier_V5.mlmodel */,
				FDCE14CA2B7B0D0B00B8C9CF /* AppDelegate.swift */,
				FDCE14CC2B7B0D0B00B8C9CF /* ContentView.swift */,
				FDCE14CE2B7B0D0C00B8C9CF /* Assets.xcassets */,
				FDC281502B9982F1004B40B2 /* LaunchScreen.storyboard */,
				FDCE14D02B7B0D0C00B8C9CF /* Preview Content */,
			);
			path = ARShield;
			sourceTree = "<group>";
		};
		FDCE14D02B7B0D0C00B8C9CF /* Preview Content */ = {
			isa = PBXGroup;
			children = (
				FDCE14D12B7B0D0C00B8C9CF /* Preview Assets.xcassets */,
			);
			path = "Preview Content";
			sourceTree = "<group>";
		};
/* End PBXGroup section */

/* Begin PBXNativeTarget section */
		FDCE14C62B7B0D0B00B8C9CF /* ARShield */ = {
			isa = PBXNativeTarget;
			buildConfigurationList = FDCE14D52B7B0D0C00B8C9CF /* Build configuration list for PBXNativeTarget "ARShield" */;
			buildPhases = (
				FDCE14C32B7B0D0B00B8C9CF /* Sources */,
				FDCE14C42B7B0D0B00B8C9CF /* Frameworks */,
				FDCE14C52B7B0D0B00B8C9CF /* Resources */,
			);
			buildRules = (
			);
			dependencies = (
			);
			name = ARShield;
			productName = ARShield;
			productReference = FDCE14C72B7B0D0B00B8C9CF /* ARShield.app */;
			productType = "com.apple.product-type.application";
		};
/* End PBXNativeTarget section */

/* Begin PBXProject section */
		FDCE14BF2B7B0D0B00B8C9CF /* Project object */ = {
			isa = PBXProject;
			attributes = {
				BuildIndependentTargetsInParallel = 1;
				LastSwiftUpdateCheck = 1500;
				LastUpgradeCheck = 1500;
				TargetAttributes = {
					FDCE14C62B7B0D0B00B8C9CF = {
						CreatedOnToolsVersion = 15.0;
					};
				};
			};
			buildConfigurationList = FDCE14C22B7B0D0B00B8C9CF /* Build configuration list for PBXProject "ARShield" */;
			compatibilityVersion = "Xcode 14.0";
			developmentRegion = en;
			hasScannedForEncodings = 0;
			knownRegions = (
				en,
				Base,
			);
			mainGroup = FDCE14BE2B7B0D0B00B8C9CF;
			productRefGroup = FDCE14C82B7B0D0B00B8C9CF /* Products */;
			projectDirPath = "";
			projectRoot = "";
			targets = (
				FDCE14C62B7B0D0B00B8C9CF /* ARShield */,
			);
		};
/* End PBXProject section */

/* Begin PBXResourcesBuildPhase section */
		FDCE14C52B7B0D0B00B8C9CF /* Resources */ = {
			isa = PBXResourcesBuildPhase;
			buildActionMask = 2147483647;
			files = (
				FDCE14D22B7B0D0C00B8C9CF /* Preview Assets.xcassets in Resources */,
				FDC281512B9982F1004B40B2 /* LaunchScreen.storyboard in Resources */,
				FDC2814F2B9982B5004B40B2 /* LoadingScreen.jpg in Resources */,
				FDCE14CF2B7B0D0C00B8C9CF /* Assets.xcassets in Resources */,
			);
			runOnlyForDeploymentPostprocessing = 0;
		};
/* End PBXResourcesBuildPhase section */

/* Begin PBXSourcesBuildPhase section */
		FDCE14C32B7B0D0B00B8C9CF /* Sources */ = {
			isa = PBXSourcesBuildPhase;
			buildActionMask = 2147483647;
			files = (
				FDC281492B919DA1004B40B2 /* ClickjackingImageClassifier_V4.mlmodel in Sources */,
				FDC281062B8AC06B004B40B2 /* ClickjackingImageClassifier 2.mlmodel in Sources */,
				FDC281472B919D82004B40B2 /* ClickjackingDetection_V4.mlmodel in Sources */,
				FDCE14CD2B7B0D0B00B8C9CF /* ContentView.swift in Sources */,
				FDCE14CB2B7B0D0B00B8C9CF /* AppDelegate.swift in Sources */,
				FDC2814B2B996EEC004B40B2 /* ClickjackingImageClassifier_V5.mlmodel in Sources */,
				FDCE14E32B89A2D100B8C9CF /* ClickjackingDetection 2.mlmodel in Sources */,
			);
			runOnlyForDeploymentPostprocessing = 0;
		};
/* End PBXSourcesBuildPhase section */

/* Begin XCBuildConfiguration section */
		FDCE14D32B7B0D0C00B8C9CF /* Debug */ = {
			isa = XCBuildConfiguration;
			buildSettings = {
				ALWAYS_SEARCH_USER_PATHS = NO;
				ASSETCATALOG_COMPILER_GENERATE_SWIFT_ASSET_SYMBOL_EXTENSIONS = YES;
				CLANG_ANALYZER_NONNULL = YES;
				CLANG_ANALYZER_NUMBER_OBJECT_CONVERSION = YES_AGGRESSIVE;
				CLANG_CXX_LANGUAGE_STANDARD = "gnu++20";
				CLANG_ENABLE_MODULES = YES;
				CLANG_ENABLE_OBJC_ARC = YES;
				CLANG_ENABLE_OBJC_WEAK = YES;
				CLANG_WARN_BLOCK_CAPTURE_AUTORELEASING = YES;
				CLANG_WARN_BOOL_CONVERSION = YES;
				CLANG_WARN_COMMA = YES;
				CLANG_WARN_CONSTANT_CONVERSION = YES;
				CLANG_WARN_DEPRECATED_OBJC_IMPLEMENTATIONS = YES;
				CLANG_WARN_DIRECT_OBJC_ISA_USAGE = YES_ERROR;
				CLANG_WARN_DOCUMENTATION_COMMENTS = YES;
				CLANG_WARN_EMPTY_BODY = YES;
				CLANG_WARN_ENUM_CONVERSION = YES;
				CLANG_WARN_INFINITE_RECURSION = YES;
				CLANG_WARN_INT_CONVERSION = YES;
				CLANG_WARN_NON_LITERAL_NULL_CONVERSION = YES;
				CLANG_WARN_OBJC_IMPLICIT_RETAIN_SELF = YES;
				CLANG_WARN_OBJC_LITERAL_CONVERSION = YES;
				CLANG_WARN_OBJC_ROOT_CLASS = YES_ERROR;
				CLANG_WARN_QUOTED_INCLUDE_IN_FRAMEWORK_HEADER = YES;
				CLANG_WARN_RANGE_LOOP_ANALYSIS = YES;
				CLANG_WARN_STRICT_PROTOTYPES = YES;
				CLANG_WARN_SUSPICIOUS_MOVE = YES;
				CLANG_WARN_UNGUARDED_AVAILABILITY = YES_AGGRESSIVE;
				CLANG_WARN_UNREACHABLE_CODE = YES;
				CLANG_WARN__DUPLICATE_METHOD_MATCH = YES;
				COPY_PHASE_STRIP = NO;
				DEBUG_INFORMATION_FORMAT = dwarf;
				ENABLE_STRICT_OBJC_MSGSEND = YES;
				ENABLE_TESTABILITY = YES;
				ENABLE_USER_SCRIPT_SANDBOXING = YES;
				GCC_C_LANGUAGE_STANDARD = gnu17;
				GCC_DYNAMIC_NO_PIC = NO;
				GCC_NO_COMMON_BLOCKS = YES;
				GCC_OPTIMIZATION_LEVEL = 0;
				GCC_PREPROCESSOR_DEFINITIONS = (
					"DEBUG=1",
					"$(inherited)",
				);
				GCC_WARN_64_TO_32_BIT_CONVERSION = YES;
				GCC_WARN_ABOUT_RETURN_TYPE = YES_ERROR;
				GCC_WARN_UNDECLARED_SELECTOR = YES;
				GCC_WARN_UNINITIALIZED_AUTOS = YES_AGGRESSIVE;
				GCC_WARN_UNUSED_FUNCTION = YES;
				GCC_WARN_UNUSED_VARIABLE = YES;
				IPHONEOS_DEPLOYMENT_TARGET = 17.0;
				LOCALIZATION_PREFERS_STRING_CATALOGS = YES;
				MTL_ENABLE_DEBUG_INFO = INCLUDE_SOURCE;
				MTL_FAST_MATH = YES;
				ONLY_ACTIVE_ARCH = YES;
				SDKROOT = iphoneos;
				SWIFT_ACTIVE_COMPILATION_CONDITIONS = "DEBUG $(inherited)";
				SWIFT_OPTIMIZATION_LEVEL = "-Onone";
			};
			name = Debug;
		};
		FDCE14D42B7B0D0C00B8C9CF /* Release */ = {
			isa = XCBuildConfiguration;
			buildSettings = {
				ALWAYS_SEARCH_USER_PATHS = NO;
				ASSETCATALOG_COMPILER_GENERATE_SWIFT_ASSET_SYMBOL_EXTENSIONS = YES;
				CLANG_ANALYZER_NONNULL = YES;
				CLANG_ANALYZER_NUMBER_OBJECT_CONVERSION = YES_AGGRESSIVE;
				CLANG_CXX_LANGUAGE_STANDARD = "gnu++20";
				CLANG_ENABLE_MODULES = YES;
				CLANG_ENABLE_OBJC_ARC = YES;
				CLANG_ENABLE_OBJC_WEAK = YES;
				CLANG_WARN_BLOCK_CAPTURE_AUTORELEASING = YES;
				CLANG_WARN_BOOL_CONVERSION = YES;
				CLANG_WARN_COMMA = YES;
				CLANG_WARN_CONSTANT_CONVERSION = YES;
				CLANG_WARN_DEPRECATED_OBJC_IMPLEMENTATIONS = YES;
				CLANG_WARN_DIRECT_OBJC_ISA_USAGE = YES_ERROR;
				CLANG_WARN_DOCUMENTATION_COMMENTS = YES;
				CLANG_WARN_EMPTY_BODY = YES;
				CLANG_WARN_ENUM_CONVERSION = YES;
				CLANG_WARN_INFINITE_RECURSION = YES;
				CLANG_WARN_INT_CONVERSION = YES;
				CLANG_WARN_NON_LITERAL_NULL_CONVERSION = YES;
				CLANG_WARN_OBJC_IMPLICIT_RETAIN_SELF = YES;
				CLANG_WARN_OBJC_LITERAL_CONVERSION = YES;
				CLANG_WARN_OBJC_ROOT_CLASS = YES_ERROR;
				CLANG_WARN_QUOTED_INCLUDE_IN_FRAMEWORK_HEADER = YES;
				CLANG_WARN_RANGE_LOOP_ANALYSIS = YES;
				CLANG_WARN_STRICT_PROTOTYPES = YES;
				CLANG_WARN_SUSPICIOUS_MOVE = YES;
				CLANG_WARN_UNGUARDED_AVAILABILITY = YES_AGGRESSIVE;
				CLANG_WARN_UNREACHABLE_CODE = YES;
				CLANG_WARN__DUPLICATE_METHOD_MATCH = YES;
				COPY_PHASE_STRIP = NO;
				DEBUG_INFORMATION_FORMAT = "dwarf-with-dsym";
				ENABLE_NS_ASSERTIONS = NO;
				ENABLE_STRICT_OBJC_MSGSEND = YES;
				ENABLE_USER_SCRIPT_SANDBOXING = YES;
				GCC_C_LANGUAGE_STANDARD = gnu17;
				GCC_NO_COMMON_BLOCKS = YES;
				GCC_WARN_64_TO_32_BIT_CONVERSION = YES;
				GCC_WARN_ABOUT_RETURN_TYPE = YES_ERROR;
				GCC_WARN_UNDECLARED_SELECTOR = YES;
				GCC_WARN_UNINITIALIZED_AUTOS = YES_AGGRESSIVE;
				GCC_WARN_UNUSED_FUNCTION = YES;
				GCC_WARN_UNUSED_VARIABLE = YES;
				IPHONEOS_DEPLOYMENT_TARGET = 17.0;
				LOCALIZATION_PREFERS_STRING_CATALOGS = YES;
				MTL_ENABLE_DEBUG_INFO = NO;
				MTL_FAST_MATH = YES;
				SDKROOT = iphoneos;
				SWIFT_COMPILATION_MODE = wholemodule;
				VALIDATE_PRODUCT = YES;
			};
			name = Release;
		};
		FDCE14D62B7B0D0C00B8C9CF /* Debug */ = {
			isa = XCBuildConfiguration;
			buildSettings = {
				ASSETCATALOG_COMPILER_APPICON_NAME = AppIcon;
				ASSETCATALOG_COMPILER_GLOBAL_ACCENT_COLOR_NAME = AccentColor;
				CODE_SIGN_STYLE = Automatic;
				CURRENT_PROJECT_VERSION = 1;
				DEVELOPMENT_ASSET_PATHS = "\"ARShield/Preview Content\"";
				DEVELOPMENT_TEAM = 6Z4Z24WBFZ;
				ENABLE_PREVIEWS = YES;
				GENERATE_INFOPLIST_FILE = YES;
				INFOPLIST_KEY_NSCameraUsageDescription = "";
				INFOPLIST_KEY_UIApplicationSupportsIndirectInputEvents = YES;
				INFOPLIST_KEY_UILaunchScreen_Generation = YES;
				INFOPLIST_KEY_UILaunchStoryboardName = LaunchScreen.storyboard;
				INFOPLIST_KEY_UIRequiredDeviceCapabilities = arkit;
				INFOPLIST_KEY_UIStatusBarHidden = YES;
				INFOPLIST_KEY_UISupportedInterfaceOrientations_iPad = "UIInterfaceOrientationPortrait UIInterfaceOrientationPortraitUpsideDown UIInterfaceOrientationLandscapeLeft UIInterfaceOrientationLandscapeRight";
				INFOPLIST_KEY_UISupportedInterfaceOrientations_iPhone = "UIInterfaceOrientationPortrait UIInterfaceOrientationLandscapeLeft UIInterfaceOrientationLandscapeRight";
				LD_RUNPATH_SEARCH_PATHS = (
					"$(inherited)",
					"@executable_path/Frameworks",
				);
				MARKETING_VERSION = 1.0;
				PRODUCT_BUNDLE_IDENTIFIER = com.aniavetian.ARShield;
				PRODUCT_NAME = "$(TARGET_NAME)";
				SWIFT_EMIT_LOC_STRINGS = YES;
				SWIFT_VERSION = 5.0;
				TARGETED_DEVICE_FAMILY = "1,2";
			};
			name = Debug;
		};
		FDCE14D72B7B0D0C00B8C9CF /* Release */ = {
			isa = XCBuildConfiguration;
			buildSettings = {
				ASSETCATALOG_COMPILER_APPICON_NAME = AppIcon;
				ASSETCATALOG_COMPILER_GLOBAL_ACCENT_COLOR_NAME = AccentColor;
				CODE_SIGN_STYLE = Automatic;
				CURRENT_PROJECT_VERSION = 1;
				DEVELOPMENT_ASSET_PATHS = "\"ARShield/Preview Content\"";
				DEVELOPMENT_TEAM = 6Z4Z24WBFZ;
				ENABLE_PREVIEWS = YES;
				GENERATE_INFOPLIST_FILE = YES;
				INFOPLIST_KEY_NSCameraUsageDescription = "";
				INFOPLIST_KEY_UIApplicationSupportsIndirectInputEvents = YES;
				INFOPLIST_KEY_UILaunchScreen_Generation = YES;
				INFOPLIST_KEY_UILaunchStoryboardName = LaunchScreen.storyboard;
				INFOPLIST_KEY_UIRequiredDeviceCapabilities = arkit;
				INFOPLIST_KEY_UIStatusBarHidden = YES;
				INFOPLIST_KEY_UISupportedInterfaceOrientations_iPad = "UIInterfaceOrientationPortrait UIInterfaceOrientationPortraitUpsideDown UIInterfaceOrientationLandscapeLeft UIInterfaceOrientationLandscapeRight";
				INFOPLIST_KEY_UISupportedInterfaceOrientations_iPhone = "UIInterfaceOrientationPortrait UIInterfaceOrientationLandscapeLeft UIInterfaceOrientationLandscapeRight";
				LD_RUNPATH_SEARCH_PATHS = (
					"$(inherited)",
					"@executable_path/Frameworks",
				);
				MARKETING_VERSION = 1.0;
				PRODUCT_BUNDLE_IDENTIFIER = com.aniavetian.ARShield;
				PRODUCT_NAME = "$(TARGET_NAME)";
				SWIFT_EMIT_LOC_STRINGS = YES;
				SWIFT_VERSION = 5.0;
				TARGETED_DEVICE_FAMILY = "1,2";
			};
			name = Release;
		};
/* End XCBuildConfiguration section */

/* Begin XCConfigurationList section */
		FDCE14C22B7B0D0B00B8C9CF /* Build configuration list for PBXProject "ARShield" */ = {
			isa = XCConfigurationList;
			buildConfigurations = (
				FDCE14D32B7B0D0C00B8C9CF /* Debug */,
				FDCE14D42B7B0D0C00B8C9CF /* Release */,
			);
			defaultConfigurationIsVisible = 0;
			defaultConfigurationName = Release;
		};
		FDCE14D52B7B0D0C00B8C9CF /* Build configuration list for PBXNativeTarget "ARShield" */ = {
			isa = XCConfigurationList;
			buildConfigurations = (
				FDCE14D62B7B0D0C00B8C9CF /* Debug */,
				FDCE14D72B7B0D0C00B8C9CF /* Release */,
			);
			defaultConfigurationIsVisible = 0;
			defaultConfigurationName = Release;
		};
/* End XCConfigurationList section */
	};
	rootObject = FDCE14BF2B7B0D0B00B8C9CF /* Project object */;
}
